# This file is automatically @generated by Poetry 2.4.1 and should not be changed by hand.

[[package]]
name = "blinker"
version = "1.9.0"
description = "Fast, simple object-to-object and broadcast signaling"
optional = false
python-versions = ">=3.9"
groups = ["main"]
files = [
    {file = "blinker-1.9.0-py3-none-any.whl", hash = "sha256:ba0efaa9080b619ff2f3459d1d500c57bddea4a6b424b60a91141db6fd2f08bc"},
    {file = "blinker-1.9.0.tar.gz", hash = "sha256:b4ce2265a7abece45e7cc896e98dbebe6cead56bcf805a3d23136d145f5445bf"},
]

[[package]]
name = "click"
version = "8.4.1"
description = "Composable command line interface toolkit"
optional = false
python-versions = ">=3.10"
groups = ["main"]
files = [
    {file = "click-8.4.1-py3-none-any.whl", hash = "sha256:482be17c6991b8c19c5429a1e995d9b0efdbb63172824c41f99965dc0ade8ec2"},
    {file = "click-8.4.1.tar.gz", hash = "sha256:918b5633eddf6b41c32d4f454bf0de810065c74e3f7dbf8ee5452f8be88d3e96"},
]

[package.dependencies]
colorama = {version = "*", markers = "platform_system == \"Windows\""}

[[package]]
name = "colorama"
version = "0.4.6"
description = "Cross-platform colored terminal text."
optional = false
python-versions = "!=3.0.*,!=3.1.*,!=3.2.*,!=3.3.*,!=3.4.*,!=3.5.*,!=3.6.*,>=2.7"
groups = ["main"]
markers = "platform_system == \"Windows\""
files = [
    {file = "colorama-0.4.6-py2.py3-none-any.whl", hash = "sha256:4f1d9991f5acc0ca119f9d443620b77f9d6b33703e51011c16baf57afb285fc6"},
    {file = "colorama-0.4.6.tar.gz", hash = "sha256:08695f5cb7ed6e0531a20572697297273c47b8cae5a63ffc6d6ed5c201be6e44"},
]

[[package]]
name = "et-xmlfile"
version = "2.0.0"
description = "An implementation of lxml.xmlfile for the standard library"
optional = false
python-versions = ">=3.8"
groups = ["main"]
files = [
    {file = "et_xmlfile-2.0.0-py3-none-any.whl", hash = "sha256:7a91720bc756843502c3b7504c77b8fe44217c85c537d85037f0f536151b2caa"},
    {file = "et_xmlfile-2.0.0.tar.gz", hash = "sha256:dab3f4764309081ce75662649be815c4c9081e88f0837825f90fd28317d4da54"},
]

[[package]]
name = "flask"
version = "3.1.3"
description = "A simple framework for building complex web applications."
optional = false
python-versions = ">=3.9"
groups = ["main"]
files = [
    {file = "flask-3.1.3-py3-none-any.whl", hash = "sha256:f4bcbefc124291925f1a26446da31a5178f9483862233b23c0c96a20701f670c"},
    {file = "flask-3.1.3.tar.gz", hash = "sha256:0ef0e52b8a9cd932855379197dd8f94047b359ca0a78695144304cb45f87c9eb"},
]

[package.dependencies]
blinker = ">=1.9.0"
click = ">=8.1.3"
itsdangerous = ">=2.2.0"
jinja2 = ">=3.1.2"
markupsafe = ">=2.1.1"
werkzeug = ">=3.1.0"

[package.extras]
async = ["asgiref (>=3.2)"]
dotenv = ["python-dotenv"]

[[package]]
name = "greenlet"
version = "3.5.2"
description = "Lightweight in-process concurrent programming"
optional = false
python-versions = ">=3.10"
groups = ["main"]
files = [
    {file = "greenlet-3.5.2-cp310-cp310-macosx_11_0_universal2.whl", hash = "sha256:9df9daae96848508450011d0d86ed7c95f8829a354ce438284a77b24896fd1f8"},
    {file = "greenlet-3.5.2-cp310-cp310-manylinux_2_24_aarch64.manylinux_2_28_aarch64.whl", hash = "sha256:01e32e9d2b1714a2b06184cb3071ff2a2fd9bc7d065e39198ab21f7253dad421"},
    {file = "greenlet-3.5.2-cp310-cp310-manylinux_2_24_ppc64le.manylinux_2_28_ppc64le.whl", hash = "sha256:0488ca77c94da5e09d1d9958f98b58cebba1b8fd9664c24898499133de927574"},
    {file = "greenlet-3.5.2-cp310-cp310-manylinux_2_24_s390x.manylinux_2_28_s390x.whl", hash = "sha256:bc18b8d33e6976804b9b792fe11cb3b1fee8b646e8a9e20bf521a429ddf73520"},
    {file = "greenlet-3.5.2-cp310-cp310-manylinux_2_24_x86_64.manylinux_2_28_x86_64.whl", hash = "sha256:6d9e19257794e28821c9ebd5e23f86d7c267cd9d390089374f068d2049f949e3"},
    {file = "greenlet-3.5.2-cp310-cp310-manylinux_2_39_riscv64.whl", hash = "sha256:2c6d6bfa4fdd7c39a0dbf112cdf28edbd19c517c810eefb6e4e71b0d55933a4c"},
    {file = "greenlet-3.5.2-cp310-cp310-musllinux_1_2_aarch64.whl", hash = "sha256:bf493b3c1c0a2324c49b0472e2280ba4665f3510d8115f6f807759a6163b15f7"},
    {file = "greenlet-3.5.2-cp310-cp310-musllinux_1_2_x86_64.whl", hash = "sha256:561dd919c02236a613fbf226791cbd77ee5002cbd5cb7e838869aa3ac7a71e16"},
    {file = "greenlet-3.5.2-cp310-cp310-win_amd64.whl", hash = "sha256:049827baab63dda8ab8ec5a6d07fc6eb0f418319cfc757fc8737a605e99ca1ad"},
    {file = "greenlet-3.5.2-cp311-cp311-macosx_11_0_universal2.whl", hash = "sha256:d7792398872f89466c6671d5d193537eff163ecf7fac78d82e6ddc25017fb4f5"},
    {file = "greenlet-3.5.2-cp311-cp311-manylinux_2_24_aarch64.manylinux_2_28_aarch64.whl", hash = "sha256:711028c953cd6ce5dc01bbb5a1747e3ad6bd8b2f7ded73778bb936e8dab9e3b6"},
    {file = "greenlet-3.5.2-cp311-cp311-manylinux_2_24_ppc64le.manylinux_2_28_ppc64le.whl", hash = "sha256:5eba55076d79e8a5176e6925295cfb901ebc95dae493342ede22230f75d8bee2"},
    {file = "greenlet-3.5.2-cp311-cp311-manylinux_2_24_s390x.manylinux_2_28_s390x.whl", hash = "sha256:1724499fc08388208408681c53c5062e9803c334e5a0bdaeb616228ba882aac8"},
    {file = "greenlet-3.5.2-cp311-cp311-manylinux_2_24_x86_64.manylinux_2_28_x86_64.whl", hash = "sha256:c1c1e5ad80f1f38ea479b83b39dccb20874cfe9ad5e52f87225fa294ba4d39a1"},
    {file = "greenlet-3.5.2-cp311-cp311-manylinux_2_39_riscv64.whl", hash = "sha256:e976f9f6941f57d87a194c91868622c8b22a142a741d2fde31655c319133ade6"},
    {file = "greenlet-3.5.2-cp311-cp311-musllinux_1_2_aarch64.whl", hash = "sha256:9e194b996aa1b89d933cfe136e5eb39b22a8b72ba59d376ef39a55bca4dbf47f"},
    {file = "greenlet-3.5.2-cp311-cp311-musllinux_1_2_x86_64.whl", hash = "sha256:4e554809538bd4867f24421b43abde170f9c9b8192149b30df5e164bcac6124f"},
    {file = "greenlet-3.5.2-cp311-cp311-win_amd64.whl", hash = "sha256:e063263ce9047878480d7e536012fc8b7c8e1922989eb5f03b9ab998a2ee7b7e"},
    {file = "greenlet-3.5.2-cp311-cp311-win_arm64.whl", hash = "sha256:a3f76a94e2d6e1fee8f302265679d8cc47d71a203936dd03c6e2ace0f9cfd46d"},
    {file = "greenlet-3.5.2-cp312-cp312-macosx_11_0_universal2.whl", hash = "sha256:76dae33e97b52743a19210931ee3e78a88fe1438bc2fc4ee5e7512d289bfad4f"},
    {file = "greenlet-3.5.2-cp312-cp312-manylinux_2_24_aarch64.manylinux_2_28_aarch64.whl", hash = "sha256:30252d191d6959df1d040b559a38fc017139606c5ecc2ad00416557c0355d742"},
    {file = "greenlet-3.5.2-cp312-cp312-manylinux_2_24_ppc64le.manylinux_2_28_ppc64le.whl", hash = "sha256:1adc23c50f22b0f5979521909a8360ab4a3d3bef8b641ce633a04cf1b1c967ea"},
    {file = "greenlet-3.5.2-cp312-cp312-manylinux_2_24_s390x.manylinux_2_28_s390x.whl", hash = "sha256:87359c23eb4e8f1b16da68faad29bf5aeb80e3628d7d8e4aa2e41c36879ddedd"},
    {file = "greenlet-3.5.2-cp312-cp312-manylinux_2_24_x86_64.manylinux_2_28_x86_64.whl", hash = "sha256:1f052fff492c52fdfa99bd3b3c1389a53de37dae76a0562741417f0d018f02b3"},
    {file = "greenlet-3.5.2-cp312-cp312-manylinux_2_39_riscv64.whl", hash = "sha256:f4d67c1684db3f9782c37ee4bade3f86f5a23a8fcf3f8359224106018ca40728"},
    {file = "greenlet-3.5.2-cp312-cp312-musllinux_1_2_aarch64.whl", hash = "sha256:120b77c2a18ebf629c3a7886f68c6d01e065654844ad468f15bb93ace66f2094"},
    {file = "greenlet-3.5.2-cp312-cp312-musllinux_1_2_x86_64.whl", hash = "sha256:a850f6224088ef7dcc70f1a545cb6b3d119c35d6dca63b925b9f35da0635cdad"},
    {file = "greenlet-3.5.2-cp312-cp312-win_amd64.whl", hash = "sha256:89da99ee8345b458ea2f16831dad31c88ddcdec454b48704d569a0b8fb28f146"},
    {file = "greenlet-3.5.2-cp312-cp312-win_arm64.whl", hash = "sha256:ca92411942154023c65851e6077d8ca0d00f19de5fa80bb2c6f196ff6c920ba9"},
    {file = "greenlet-3.5.2-cp313-cp313-macosx_11_0_universal2.whl", hash = "sha256:0629377725977252159de1ebd3c6e49c170a63856e585446797bb3d66d4d9c34"},
    {file = "greenlet-3.5.2-cp313-cp313-manylinux_2_24_aarch64.manylinux_2_28_aarch64.whl", hash = "sha256:a2ddf9eddc617681108dd071b3feabf3f4a4cd64846254aec4d4ceda098b639a"},
    {file = "greenlet-3.5.2-cp313-cp313-manylinux_2_24_ppc64le.manylinux_2_28_ppc64le.whl", hash = "sha256:f41feb9f2b59e2e61ac9bea4e344ddd9396bf3cacb2583f73a3595ed7df6f8e7"},
    {file = "greenlet-3.5.2-cp313-cp313-manylinux_2_24_s390x.manylinux_2_28_s390x.whl", hash = "sha256:9dc23f0e5ad76415457212a4b947d22ebe4dc80baf02adf7dd5647a90f38bb4e"},
    {file = "greenlet-3.5.2-cp313-cp313-manylinux_2_24_x86_64.manylinux_2_28_x86_64.whl", hash = "sha256:09201fa698768db245920b00fdc86ee3e73540f01ca6db162be9632642e1a473"},
    {file = "greenlet-3.5.2-cp313-cp313-manylinux_2_39_riscv64.whl", hash = "sha256:423167363c510a75b649f5cd58d873c29498ea03598b9e4b1c3b73e0f899f3d5"},
    {file = "greenlet-3.5.2-cp313-cp313-musllinux_1_2_aarch64.whl", hash = "sha256:a1759fa4f14c398508cf20dc8037de55cc23ae8bd14c185c2718257837195ca5"},
    {file = "greenlet-3.5.2-cp313-cp313-musllinux_1_2_x86_64.whl", hash = "sha256:b9318cdeb9abdbfdd8bc8464ee4a06dffde2c7846e1def138365a6240ab2c9a5"},
    {file = "greenlet-3.5.2-cp313-cp313-win_amd64.whl", hash = "sha256:2c3b3311af72b3d3b03cc0f1ffd11f072e834be5d0444105cf715fc44434e39c"},
    {file = "greenlet-3.5.2-cp313-cp313-win_arm64.whl", hash = "sha256:f9bbd6216c45a563c2a61e478e038b439d9f248bde44f775ea37d339da643af4"},
    {file = "greenlet-3.5.2-cp314-cp314-macosx_11_0_universal2.whl", hash = "sha256:1c31219badba285858ba8ed117f403dea7fafee6bade9a1991875aae530c3ceb"},
    {file = "greenlet-3.5.2-cp314-cp314-manylinux_2_24_aarch64.manylinux_2_28_aarch64.whl", hash = "sha256:6f96ed6f4adc1066954ae95f45717657cb67468ef3b89e9a3632e14a625a8f39"},
    {file = "greenlet-3.5.2-cp314-cp314-manylinux_2_24_ppc64le.manylinux_2_28_ppc64le.whl", hash = "sha256:5795e883e915333c0d5648faaa691857fbc7180136883edc377f50f0d509c2a8"},
    {file = "greenlet-3.5.2-cp314-cp314-manylinux_2_24_s390x.manylinux_2_28_s390x.whl", hash = "sha256:6e9e49d732ee92a189bb7035e293029244aeba648297a9b856dc733d17ca7f0d"},
    {file = "greenlet-3.5.2-cp314-cp314-manylinux_2_24_x86_64.manylinux_2_28_x86_64.whl", hash = "sha256:26aed8d9503ca78889141a9739d71b383efea5f472a7c522b5410f7eb2a1b163"},
    {file = "greenlet-3.5.2-cp314-cp314-manylinux_2_39_riscv64.whl", hash = "sha256:537c5c4f30395020bb9f48f53146070e3b997c3c75da14011ab732aaa19ce3ef"},
    {file = "greenlet-3.5.2-cp314-cp314-musllinux_1_2_aarch64.whl", hash = "sha256:dbebc038fcdda8f8f21cce985fd04e34e0f42007e7fc7ab7ad285caf77974b95"},
    {file = "greenlet-3.5.2-cp314-cp314-musllinux_1_2_x86_64.whl", hash = "sha256:a207023f1cf8695fd82580b8099c09c5809be18bc2282362cdfb965dd884a317"},
    {file = "greenlet-3.5.2-cp314-cp314-win_amd64.whl", hash = "sha256:c674a1dd4fe41f6a93febe7ab366ceabf15080ea31a9307811c56dac5f435f73"},
    {file = "greenlet-3.5.2-cp314-cp314-win_arm64.whl", hash = "sha256:3c417cd6c593bbbef6f7aa31a79f37d3db7d18832fc56b694a2150130bde784e"},
    {file = "greenlet-3.5.2-cp314-cp314t-macosx_11_0_universal2.whl", hash = "sha256:a96457a30384de52d9c5d2fd33abf6c1daae3db392cd556738f408b1a79a1cf0"},
    {file = "greenlet-3.5.2-cp314-cp314t-manylinux_2_24_aarch64.manylinux_2_28_aarch64.whl", hash = "sha256:e4af5d4961818ab651d09c1448a03b1ba2a1726a076266ebb62330bab9f3238c"},
    {file = "greenlet-3.5.2-cp314-cp314t-manylinux_2_24_ppc64le.manylinux_2_28_ppc64le.whl", hash = "sha256:a1789a6244ea1ba61fd4386c9a6a31873e9b0234762103364be98ef87dcb19f3"},
    {file = "greenlet-3.5.2-cp314-cp314t-manylinux_2_24_s390x.manylinux_2_28_s390x.whl", hash = "sha256:2ee6288f1933d698b4f098127ed17bda2910a75d2807915bd16294a972055d6c"},
    {file = "greenlet-3.5.2-cp314-cp314t-manylinux_2_24_x86_64.manylinux_2_28_x86_64.whl", hash = "sha256:3be00501fb4a8c37f6b4b3c4773808ceb26ea65c7ea64fd5735d0f330b3786de"},
    {file = "greenlet-3.5.2-cp314-cp314t-manylinux_2_39_riscv64.whl", hash = "sha256:b4cad42662c796334c2d24607c411e3ed82481c1fb4e1e8ec3a5a8416060092e"},
    {file = "greenlet-3.5.2-cp314-cp314t-musllinux_1_2_aarch64.whl", hash = "sha256:1d554cd96841a68d464d75a3736f8e87408a7b02b1930a75fa32feb408ad62f8"},
    {file = "greenlet-3.5.2-cp314-cp314t-musllinux_1_2_x86_64.whl", hash = "sha256:3dff6cd3aac35f6cd3fc23460105acf576f5faf6c378de0bc088bf37c913864a"},
    {file = "greenlet-3.5.2-cp314-cp314t-win_amd64.whl", hash = "sha256:36cfea2aa075d544617176b2e84450480f0797070ad8799a8c41ada2fe449d32"},
    {file = "greenlet-3.5.2-cp315-cp315-macosx_11_0_universal2.whl", hash = "sha256:a0314aa832c94633355dc6f3ee54f195159533355a323f26926fc63b98b2ccbb"},
    {file = "greenlet-3.5.2-cp315-cp315-manylinux_2_24_aarch64.manylinux_2_28_aarch64.whl", hash = "sha256:24c59cb7db9d5c694cb8fd0c76eef8e456b2123afdfa7e4b8f2a67a0860d7682"},
    {file = "greenlet-3.5.2-cp315-cp315-manylinux_2_24_ppc64le.manylinux_2_28_ppc64le.whl", hash = "sha256:7bb811753703739ad318112f16eccfaabdac050037b6d092debaa8b23566b4ce"},
    {file = "greenlet-3.5.2-cp315-cp315-manylinux_2_24_s390x.manylinux_2_28_s390x.whl", hash = "sha256:2debcd0ef9455b7d4879589903efc8e497d4b8fb8c0ae772309e44d1ca5e957f"},
    {file = "greenlet-3.5.2-cp315-cp315-manylinux_2_24_x86_64.manylinux_2_28_x86_64.whl", hash = "sha256:6d78b5c1c178dad90447f1b8452262709d3eef4c98f825569e74c9d0b2260ac9"},
    {file = "greenlet-3.5.2-cp315-cp315-manylinux_2_39_riscv64.whl", hash = "sha256:9558cae989faeab6fbb425cd98a0cfa4190a47fba6443973fbee0a1eb0b0b6c3"},
    {file = "greenlet-3.5.2-cp315-cp315-musllinux_1_2_aarch64.whl", hash = "sha256:0977af2df83136f81c1f76e76d4e2fe7d0dc56ea9c101a86af26a95190b9ca32"},
    {file = "greenlet-3.5.2-cp315-cp315-musllinux_1_2_x86_64.whl", hash = "sha256:f9ed777c6891d8253e54468576f55e27f8fc1a662a664f946a191003574c0a74"},
    {file = "greenlet-3.5.2-cp315-cp315-win_amd64.whl", hash = "sha256:c0ea4eb3de23f0bac1d75205e10ccfa9b418b17b01a2d7bf19e3b69dda08900a"},
    {file = "greenlet-3.5.2-cp315-cp315-win_arm64.whl", hash = "sha256:7a7bfc200be40d04961d7e80e8337d726c0c1a50777e588123c3ed8ba731dcb9"},
    {file = "greenlet-3.5.2-cp315-cp315t-macosx_11_0_universal2.whl", hash = "sha256:98a52d6a50d4deaba304331d83ee3e10ebbdc1517fcca40b2715d1de4534065c"},
    {file = "greenlet-3.5.2-cp315-cp315t-manylinux_2_24_aarch64.manylinux_2_28_aarch64.whl", hash = "sha256:1587ff8b58fdf806993ed1490a06ac19c22d47b219c68b30954380029045d8d4"},
    {file = "greenlet-3.5.2-cp315-cp315t-manylinux_2_24_ppc64le.manylinux_2_28_ppc64le.whl", hash = "sha256:feb721811d2754bfd16b48de151dd6b1f222c048e625151f2ca44cfdfd69f59c"},
    {file = "greenlet-3.5.2-cp315-cp315t-manylinux_2_24_s390x.manylinux_2_28_s390x.whl", hash = "sha256:a9476cbead736dc48ce89e3cd97acff95ecc48cbf21273603a438f9870c4a014"},
    {file = "greenlet-3.5.2-cp315-cp315t-manylinux_2_24_x86_64.manylinux_2_28_x86_64.whl", hash = "sha256:7fe6062b1f35534e1e8fb28dfed406cf4eeff3e0bca3a0d9f8ff69f20a4abb00"},
    {file = "greenlet-3.5.2-cp315-cp315t-manylinux_2_39_riscv64.whl", hash = "sha256:5930d3946ecae99fa7fc0e3f3ae515426ad85058ebd9bfc6c00cca8016e6206b"},
    {file = "greenlet-3.5.2-cp315-cp315t-musllinux_1_2_aarch64.whl", hash = "sha256:b4ac902af825cbac8e9b2fccab8122236fd2ba6c8b71a080116d2c2ec72671b1"},
    {file = "greenlet-3.5.2-cp315-cp315t-musllinux_1_2_x86_64.whl", hash = "sha256:6f1e473c06ae8be00c9034c2bb10fa277b08a93287e3111c395b839f01d27e1f"},
    {file = "greenlet-3.5.2-cp315-cp315t-win_amd64.whl", hash = "sha256:3c2315045f9983e2e50d7e89d95405c21bddb8745f2da4487bc080ab3525f904"},
    {file = "greenlet-3.5.2-cp315-cp315t-win_arm64.whl", hash = "sha256:db548d5ab6c2a8ead82c013f875090d79b5d7d2b67fc513934ce6cf66492ad7f"},
    {file = "greenlet-3.5.2.tar.gz", hash = "sha256:c1b906220d83c140361cdd12eef970fb5881a168b98ee58a43786426173da14c"},
]

[package.extras]
docs = ["Sphinx", "furo"]
test = ["objgraph", "psutil", "setuptools"]

[[package]]
name = "itsdangerous"
version = "2.2.0"
description = "Safely pass data to untrusted environments and back."
optional = false
python-versions = ">=3.8"
groups = ["main"]
files = [
    {file = "itsdangerous-2.2.0-py3-none-any.whl", hash = "sha256:c6242fc49e35958c8b15141343aa660db5fc54d4f13a1db01a3f5891b98700ef"},
    {file = "itsdangerous-2.2.0.tar.gz", hash = "sha256:e0050c0b7da1eea53ffaf149c0cfbb5c6e2e2b69c4bef22c81fa6eb73e5f6173"},
]

[[package]]
name = "jinja2"
version = "3.1.6"
description = "A very fast and expressive template engine."
optional = false
python-versions = ">=3.7"
groups = ["main"]
files = [
    {file = "jinja2-3.1.6-py3-none-any.whl", hash = "sha256:85ece4451f492d0c13c5dd7c13a64681a86afae63a5f347908daf103ce6d2f67"},
    {file = "jinja2-3.1.6.tar.gz", hash = "sha256:0137fb05990d35f1275a587e9aee6d56da821fc83491a0fb838183be43f66d6d"},
]

[package.dependencies]
MarkupSafe = ">=2.0"

[package.extras]
i18n = ["Babel (>=2.7)"]

[[package]]
name = "markupsafe"
version = "3.0.3"
description = "Safely add untrusted strings to HTML/XML markup."
optional = false
python-versions = ">=3.9"
groups = ["main"]
files = [
    {file = "markupsafe-3.0.3-cp310-cp310-macosx_10_9_x86_64.whl", hash = "sha256:2f981d352f04553a7171b8e44369f2af4055f888dfb147d55e42d29e29e74559"},
    {file = "markupsafe-3.0.3-cp310-cp310-macosx_11_0_arm64.whl", hash = "sha256:e1c1493fb6e50ab01d20a22826e57520f1284df32f2d8601fdd90b6304601419"},
    {file = "markupsafe-3.0.3-cp310-cp310-manylinux2014_aarch64.manylinux_2_17_aarch64.manylinux_2_28_aarch64.whl", hash = "sha256:1ba88449deb3de88bd40044603fafffb7bc2b055d626a330323a9ed736661695"},
    {file = "markupsafe-3.0.3-cp310-cp310-manylinux2014_x86_64.manylinux_2_17_x86_64.manylinux_2_28_x86_64.whl", hash = "sha256:f42d0984e947b8adf7dd6dde396e720934d12c506ce84eea8476409563607591"},
    {file = "markupsafe-3.0.3-cp310-cp310-manylinux_2_31_riscv64.manylinux_2_39_riscv64.whl", hash = "sha256:c0c0b3ade1c0b13b936d7970b1d37a57acde9199dc2aecc4c336773e1d86049c"},
    {file = "markupsafe-3.0.3-cp310-cp310-musllinux_1_2_aarch64.whl", hash = "sha256:0303439a41979d9e74d18ff5e2dd8c43ed6c6001fd40e5bf2e43f7bd9bbc523f"},
    {file = "markupsafe-3.0.3-cp310-cp310-musllinux_1_2_riscv64.whl", hash = "sha256:d2ee202e79d8ed691ceebae8e0486bd9a2cd4794cec4824e1c99b6f5009502f6"},
    {file = "markupsafe-3.0.3-cp310-cp310-musllinux_1_2_x86_64.whl", hash = "sha256:177b5253b2834fe3678cb4a5f0059808258584c559193998be2601324fdeafb1"},
    {file = "markupsafe-3.0.3-cp310-cp310-win32.whl", hash = "sha256:2a15a08b17dd94c53a1da0438822d70ebcd13f8c3a95abe3a9ef9f11a94830aa"},
    {file = "markupsafe-3.0.3-cp310-cp310-win_amd64.whl", hash = "sha256:c4ffb7ebf07cfe8931028e3e4c85f0357459a3f9f9490886198848f4fa002ec8"},
    {file = "markupsafe-3.0.3-cp310-cp310-win_arm64.whl", hash = "sha256:e2103a929dfa2fcaf9bb4e7c091983a49c9ac3b19c9061b6d5427dd7d14d81a1"},
    {file = "markupsafe-3.0.3-cp311-cp311-macosx_10_9_x86_64.whl", hash = "sha256:1cc7ea17a6824959616c525620e387f6dd30fec8cb44f649e31712db02123dad"},
    {file = "markupsafe-3.0.3-cp311-cp311-macosx_11_0_arm64.whl", hash = "sha256:4bd4cd07944443f5a265608cc6aab442e4f74dff8088b0dfc8238647b8f6ae9a"},
    {file = "markupsafe-3.0.3-cp311-cp311-manylinux2014_aarch64.manylinux_2_17_aarch64.manylinux_2_28_aarch64.whl", hash = "sha256:6b5420a1d9450023228968e7e6a9ce57f65d148ab56d2313fcd589eee96a7a50"},
    {file = "markupsafe-3.0.3-cp311-cp311-manylinux2014_x86_64.manylinux_2_17_x86_64.manylinux_2_28_x86_64.whl", hash = "sha256:0bf2a864d67e76e5c9a34dc26ec616a66b9888e25e7b9460e1c76d3293bd9dbf"},
    {file = "markupsafe-3.0.3-cp311-cp311-manylinux_2_31_riscv64.manylinux_2_39_riscv64.whl", hash = "sha256:bc51efed119bc9cfdf792cdeaa4d67e8f6fcccab66ed4bfdd6bde3e59bfcbb2f"},
    {file = "markupsafe-3.0.3-cp311-cp311-musllinux_1_2_aarch64.whl", hash = "sha256:068f375c472b3e7acbe2d5318dea141359e6900156b5b2ba06a30b169086b91a"},
    {file = "markupsafe-3.0.3-cp311-cp311-musllinux_1_2_riscv64.whl", hash = "sha256:7be7b61bb172e1ed687f1754f8e7484f1c8019780f6f6b0786e76bb01c2ae115"},
    {file = "markupsafe-3.0.3-cp311-cp311-musllinux_1_2_x86_64.whl", hash = "sha256:f9e130248f4462aaa8e2552d547f36ddadbeaa573879158d721bbd33dfe4743a"},
    {file = "markupsafe-3.0.3-cp311-cp311-win32.whl", hash = "sha256:0db14f5dafddbb6d9208827849fad01f1a2609380add406671a26386cdf15a19"},
    {file = "markupsafe-3.0.3-cp311-cp311-win_amd64.whl", hash = "sha256:de8a88e63464af587c950061a5e6a67d3632e36df62b986892331d4620a35c01"},
    {file = "markupsafe-3.0.3-cp311-cp311-win_arm64.whl", hash = "sha256:3b562dd9e9ea93f13d53989d23a7e775fdfd1066c33494ff43f5418bc8c58a5c"},
    {file = "markupsafe-3.0.3-cp312-cp312-macosx_10_13_x86_64.whl", hash = "sha256:d53197da72cc091b024dd97249dfc7794d6a56530370992a5e1a08983ad9230e"},
    {file = "markupsafe-3.0.3-cp312-cp312-macosx_11_0_arm64.whl", hash = "sha256:1872df69a4de6aead3491198eaf13810b565bdbeec3ae2dc8780f14458ec73ce"},
    {file = "markupsafe-3.0.3-cp312-cp312-manylinux2014_aarch64.manylinux_2_17_aarch64.manylinux_2_28_aarch64.whl", hash = "sha256:3a7e8ae81ae39e62a41ec302f972ba6ae23a5c5396c8e60113e9066ef893da0d"},
    {file = "markupsafe-3.0.3-cp312-cp312-manylinux2014_x86_64.manylinux_2_17_x86_64.manylinux_2_28_x86_64.whl", hash = "sha256:d6dd0be5b5b189d31db7cda48b91d7e0a9795f31430b7f271219ab30f1d3ac9d"},
    {file = "markupsafe-3.0.3-cp312-cp312-manylinux_2_31_riscv64.manylinux_2_39_riscv64.whl", hash = "sha256:94c6f0bb423f739146aec64595853541634bde58b2135f27f61c1ffd1cd4d16a"},
    {file = "markupsafe-3.0.3-cp312-cp312-musllinux_1_2_aarch64.whl", hash = "sha256:be8813b57049a7dc738189df53d69395eba14fb99345e0a5994914a3864c8a4b"},
    {file = "markupsafe-3.0.3-cp312-cp312-musllinux_1_2_riscv64.whl", hash = "sha256:83891d0e9fb81a825d9a6d61e3f07550ca70a076484292a70fde82c4b807286f"},
    {file = "markupsafe-3.0.3-cp312-cp312-musllinux_1_2_x86_64.whl", hash = "sha256:77f0643abe7495da77fb436f50f8dab76dbc6e5fd25d39589a0f1fe6548bfa2b"},
    {file = "markupsafe-3.0.3-cp312-cp312-win32.whl", hash = "sha256:d88b440e37a16e651bda4c7c2b930eb586fd15ca7406cb39e211fcff3bf3017d"},
    {file = "markupsafe-3.0.3-cp312-cp312-win_amd64.whl", hash = "sha256:26a5784ded40c9e318cfc2bdb30fe164bdb8665ded9cd64d500a34fb42067b1c"},
    {file = "markupsafe-3.0.3-cp312-cp312-win_arm64.whl", hash = "sha256:35add3b638a5d900e807944a078b51922212fb3dedb01633a8defc4b01a3c85f"},
    {file = "markupsafe-3.0.3-cp313-cp313-macosx_10_13_x86_64.whl", hash = "sha256:e1cf1972137e83c5d4c136c43ced9ac51d0e124706ee1c8aa8532c1287fa8795"},
    {file = "markupsafe-3.0.3-cp313-cp313-macosx_11_0_arm64.whl", hash = "sha256:116bb52f642a37c115f517494ea5feb03889e04df47eeff5b130b1808ce7c219"},
    {file = "markupsafe-3.0.3-cp313-cp313-manylinux2014_aarch64.manylinux_2_17_aarch64.manylinux_2_28_aarch64.whl", hash = "sha256:133a43e73a802c5562be9bbcd03d090aa5a1fe899db609c29e8c8d815c5f6de6"},
    {file = "markupsafe-3.0.3-cp313-cp313-manylinux2014_x86_64.manylinux_2_17_x86_64.manylinux_2_28_x86_64.whl", hash = "sha256:ccfcd093f13f0f0b7fdd0f198b90053bf7b2f02a3927a30e63f3ccc9df56b676"},
    {file = "markupsafe-3.0.3-cp313-cp313-manylinux_2_31_riscv64.manylinux_2_39_riscv64.whl", hash = "sha256:509fa21c6deb7a7a273d629cf5ec029bc209d1a51178615ddf718f5918992ab9"},
    {file = "markupsafe-3.0.3-cp313-cp313-musllinux_1_2_aarch64.whl", hash = "sha256:a4afe79fb3de0b7097d81da19090f4df4f8d3a2b3adaa8764138aac2e44f3af1"},
    {file = "markupsafe-3.0.3-cp313-cp313-musllinux_1_2_riscv64.whl", hash = "sha256:795e7751525cae078558e679d646ae45574b47ed6e7771863fcc079a6171a0fc"},
    {file = "markupsafe-3.0.3-cp313-cp313-musllinux_1_2_x86_64.whl", hash = "sha256:8485f406a96febb5140bfeca44a73e3ce5116b2501ac54fe953e488fb1d03b12"},
    {file = "markupsafe-3.0.3-cp313-cp313-win32.whl", hash = "sha256:bdd37121970bfd8be76c5fb069c7751683bdf373db1ed6c010162b2a130248ed"},
    {file = "markupsafe-3.0.3-cp313-cp313-win_amd64.whl", hash = "sha256:9a1abfdc021a164803f4d485104931fb8f8c1efd55bc6b748d2f5774e78b62c5"},
    {file = "markupsafe-3.0.3-cp313-cp313-win_arm64.whl", hash = "sha256:7e68f88e5b8799aa49c85cd116c932a1ac15caaa3f5db09087854d218359e485"},
    {file = "markupsafe-3.0.3-cp313-cp313t-macosx_10_13_x86_64.whl", hash = "sha256:218551f6df4868a8d527e3062d0fb968682fe92054e89978594c28e642c43a73"},
    {file = "markupsafe-3.0.3-cp313-cp313t-macosx_11_0_arm64.whl", hash = "sha256:3524b778fe5cfb3452a09d31e7b5adefeea8c5be1d43c4f810ba09f2ceb29d37"},
    {file = "markupsafe-3.0.3-cp313-cp313t-manylinux2014_aarch64.manylinux_2_17_aarch64.manylinux_2_28_aarch64.whl", hash = "sha256:4e885a3d1efa2eadc93c894a21770e4bc67899e3543680313b09f139e149ab19"},
    {file = "markupsafe-3.0.3-cp313-cp313t-manylinux2014_x86_64.manylinux_2_17_x86_64.manylinux_2_28_x86_64.whl", hash = "sha256:8709b08f4a89aa7586de0aadc8da56180242ee0ada3999749b183aa23df95025"},
    {file = "markupsafe-3.0.3-cp313-cp313t-manylinux_2_31_riscv64.manylinux_2_39_riscv64.whl", hash = "sha256:b8512a91625c9b3da6f127803b166b629725e68af71f8184ae7e7d54686a56d6"},
    {file = "markupsafe-3.0.3-cp313-cp313t-musllinux_1_2_aarch64.whl", hash = "sha256:9b79b7a16f7fedff2495d684f2b59b0457c3b493778c9eed31111be64d58279f"},
    {file = "markupsafe-3.0.3-cp313-cp313t-musllinux_1_2_riscv64.whl", hash = "sha256:12c63dfb4a98206f045aa9563db46507995f7ef6d83b2f68eda65c307c6829eb"},
    {file = "markupsafe-3.0.3-cp313-cp313t-musllinux_1_2_x86_64.whl", hash = "sha256:8f71bc33915be5186016f675cd83a1e08523649b0e33efdb898db577ef5bb009"},
    {file = "markupsafe-3.0.3-cp313-cp313t-win32.whl", hash = "sha256:69c0b73548bc525c8cb9a251cddf1931d1db4d2258e9599c28c07ef3580ef354"},
    {file = "markupsafe-3.0.3-cp313-cp313t-win_amd64.whl", hash = "sha256:1b4b79e8ebf6b55351f0d91fe80f893b4743f104bff22e90697db1590e47a218"},
    {file = "markupsafe-3.0.3-cp313-cp313t-win_arm64.whl", hash = "sha256:ad2cf8aa28b8c020ab2fc8287b0f823d0a7d8630784c31e9ee5edea20f406287"},
    {file = "markupsafe-3.0.3-cp314-cp314-macosx_10_13_x86_64.whl", hash = "sha256:eaa9599de571d72e2daf60164784109f19978b327a3910d3e9de8c97b5b70cfe"},
    {file = "markupsafe-3.0.3-cp314-cp314-macosx_11_0_arm64.whl", hash = "sha256:c47a551199eb8eb2121d4f0f15ae0f923d31350ab9280078d1e5f12b249e0026"},
    {file = "markupsafe-3.0.3-cp314-cp314-manylinux2014_aarch64.manylinux_2_17_aarch64.manylinux_2_28_aarch64.whl", hash = "sha256:f34c41761022dd093b4b6896d4810782ffbabe30f2d443ff5f083e0cbbb8c737"},
    {file = "markupsafe-3.0.3-cp314-cp314-manylinux2014_x86_64.manylinux_2_17_x86_64.manylinux_2_28_x86_64.whl", hash = "sha256:457a69a9577064c05a97c41f4e65148652db078a3a509039e64d3467b9e7ef97"},
    {file = "markupsafe-3.0.3-cp314-cp314-manylinux_2_31_riscv64.manylinux_2_39_riscv64.whl", hash = "sha256:e8afc3f2ccfa24215f8cb28dcf43f0113ac3c37c2f0f0806d8c70e4228c5cf4d"},
    {file = "markupsafe-3.0.3-cp314-cp314-musllinux_1_2_aarch64.whl", hash = "sha256:ec15a59cf5af7be74194f7ab02d0f59a62bdcf1a537677ce67a2537c9b87fcda"},
    {file = "markupsafe-3.0.3-cp314-cp314-musllinux_1_2_riscv64.whl", hash = "sha256:0eb9ff8191e8498cca014656ae6b8d61f39da5f95b488805da4bb029cccbfbaf"},
    {file = "markupsafe-3.0.3-cp314-cp314-musllinux_1_2_x86_64.whl", hash = "sha256:2713baf880df847f2bece4230d4d094280f4e67b1e813eec43b4c0e144a34ffe"},
    {file = "markupsafe-3.0.3-cp314-cp314-win32.whl", hash = "sha256:729586769a26dbceff69f7a7dbbf59ab6572b99d94576a5592625d5b411576b9"},
    {file = "markupsafe-3.0.3-cp314-cp314-win_amd64.whl", hash = "sha256:bdc919ead48f234740ad807933cdf545180bfbe9342c2bb451556db2ed958581"},
    {file = "markupsafe-3.0.3-cp314-cp314-win_arm64.whl", hash = "sha256:5a7d5dc5140555cf21a6fefbdbf8723f06fcd2f63ef108f2854de715e4422cb4"},
    {file = "markupsafe-3.0.3-cp314-cp314t-macosx_10_13_x86_64.whl", hash = "sha256:1353ef0c1b138e1907ae78e2f6c63ff67501122006b0f9abad68fda5f4ffc6ab"},
    {file = "markupsafe-3.0.3-cp314-cp314t-macosx_11_0_arm64.whl", hash = "sha256:1085e7fbddd3be5f89cc898938f42c0b3c711fdcb37d75221de2666af647c175"},
    {file = "markupsafe-3.0.3-cp314-cp314t-manylinux2014_aarch64.manylinux_2_17_aarch64.manylinux_2_28_aarch64.whl", hash = "sha256:1b52b4fb9df4eb9ae465f8d0c228a00624de2334f216f178a995ccdcf82c4634"},
    {file = "markupsafe-3.0.3-cp314-cp314t-manylinux2014_x86_64.manylinux_2_17_x86_64.manylinux_2_28_x86_64.whl", hash = "sha256:fed51ac40f757d41b7c48425901843666a6677e3e8eb0abcff09e4ba6e664f50"},
    {file = "markupsafe-3.0.3-cp314-cp314t-manylinux_2_31_riscv64.manylinux_2_39_riscv64.whl", hash = "sha256:f190daf01f13c72eac4efd5c430a8de82489d9cff23c364c3ea822545032993e"},
    {file = "markupsafe-3.0.3-cp314-cp314t-musllinux_1_2_aarch64.whl", hash = "sha256:e56b7d45a839a697b5eb268c82a71bd8c7f6c94d6fd50c3d577fa39a9f1409f5"},
    {file = "markupsafe-3.0.3-cp314-cp314t-musllinux_1_2_riscv64.whl", hash = "sha256:f3e98bb3798ead92273dc0e5fd0f31ade220f59a266ffd8a4f6065e0a3ce0523"},
    {file = "markupsafe-3.0.3-cp314-cp314t-musllinux_1_2_x86_64.whl", hash = "sha256:5678211cb9333a6468fb8d8be0305520aa073f50d17f089b5b4b477ea6e67fdc"},
    {file = "markupsafe-3.0.3-cp314-cp314t-win32.whl", hash = "sha256:915c04ba3851909ce68ccc2b8e2cd691618c4dc4c4232fb7982bca3f41fd8c3d"},
    {file = "markupsafe-3.0.3-cp314-cp314t-win_amd64.whl", hash = "sha256:4faffd047e07c38848ce017e8725090413cd80cbc23d86e55c587bf979e579c9"},
    {file = "markupsafe-3.0.3-cp314-cp314t-win_arm64.whl", hash = "sha256:32001d6a8fc98c8cb5c947787c5d08b0a50663d139f1305bac5885d98d9b40fa"},
    {file = "markupsafe-3.0.3-cp39-cp39-macosx_10_9_x86_64.whl", hash = "sha256:15d939a21d546304880945ca1ecb8a039db6b4dc49b2c5a400387cdae6a62e26"},
    {file = "markupsafe-3.0.3-cp39-cp39-macosx_11_0_arm64.whl", hash = "sha256:f71a396b3bf33ecaa1626c255855702aca4d3d9fea5e051b41ac59a9c1c41edc"},
    {file = "markupsafe-3.0.3-cp39-cp39-manylinux2014_aarch64.manylinux_2_17_aarch64.manylinux_2_28_aarch64.whl", hash = "sha256:0f4b68347f8c5eab4a13419215bdfd7f8c9b19f2b25520968adfad23eb0ce60c"},
    {file = "markupsafe-3.0.3-cp39-cp39-manylinux2014_x86_64.manylinux_2_17_x86_64.manylinux_2_28_x86_64.whl", hash = "sha256:e8fc20152abba6b83724d7ff268c249fa196d8259ff481f3b1476383f8f24e42"},
    {file = "markupsafe-3.0.3-cp39-cp39-manylinux_2_31_riscv64.manylinux_2_39_riscv64.whl", hash = "sha256:949b8d66bc381ee8b007cd945914c721d9aba8e27f71959d750a46f7c282b20b"},
    {file = "markupsafe-3.0.3-cp39-cp39-musllinux_1_2_aarch64.whl", hash = "sha256:3537e01efc9d4dccdf77221fb1cb3b8e1a38d5428920e0657ce299b20324d758"},
    {file = "markupsafe-3.0.3-cp39-cp39-musllinux_1_2_riscv64.whl", hash = "sha256:591ae9f2a647529ca990bc681daebdd52c8791ff06c2bfa05b65163e28102ef2"},
    {file = "markupsafe-3.0.3-cp39-cp39-musllinux_1_2_x86_64.whl", hash = "sha256:a320721ab5a1aba0a233739394eb907f8c8da5c98c9181d1161e77a0c8e36f2d"},
    {file = "markupsafe-3.0.3-cp39-cp39-win32.whl", hash = "sha256:df2449253ef108a379b8b5d6b43f4b1a8e81a061d6537becd5582fba5f9196d7"},
    {file = "markupsafe-3.0.3-cp39-cp39-win_amd64.whl", hash = "sha256:7c3fb7d25180895632e5d3148dbdc29ea38ccb7fd210aa27acbd1201a1902c6e"},
    {file = "markupsafe-3.0.3-cp39-cp39-win_arm64.whl", hash = "sha256:38664109c14ffc9e7437e86b4dceb442b0096dfe3541d7864d9cbe1da4cf36c8"},
    {file = "markupsafe-3.0.3.tar.gz", hash = "sha256:722695808f4b6457b320fdc131280796bdceb04ab50fe1795cd540799ebe1698"},
]

[[package]]
name = "openpyxl"
version = "3.1.5"
description = "A Python library to read/write Excel 2010 xlsx/xlsm files"
optional = false
python-versions = ">=3.8"
groups = ["main"]
files = [
    {file = "openpyxl-3.1.5-py2.py3-none-any.whl", hash = "sha256:5282c12b107bffeef825f4617dc029afaf41d0ea60823bbb665ef3079dc79de2"},
    {file = "openpyxl-3.1.5.tar.gz", hash = "sha256:cf0e3cf56142039133628b5acffe8ef0c12bc902d2aadd3e0fe5878dc08d1050"},
]

[package.dependencies]
et-xmlfile = "*"

[[package]]
name = "pathlib"
version = "1.0.1"
description = "Object-oriented filesystem paths"
optional = false
python-versions = "*"
groups = ["main"]
files = [
    {file = "pathlib-1.0.1-py3-none-any.whl", hash = "sha256:f35f95ab8b0f59e6d354090350b44a80a80635d22efdedfa84c7ad1cf0a74147"},
    {file = "pathlib-1.0.1.tar.gz", hash = "sha256:6940718dfc3eff4258203ad5021090933e5c04707d5ca8cc9e73c94a7894ea9f"},
]

[[package]]
name = "playwright"
version = "1.60.0"
description = "A high-level API to automate web browsers"
optional = false
python-versions = ">=3.9"
groups = ["main"]
files = [
    {file = "playwright-1.60.0-py3-none-macosx_10_13_x86_64.whl", hash = "sha256:6a8cd0fec171fb3089e95e898c8bc8a6f35dea0b78b399e12fcc19427e91b1d7"},
    {file = "playwright-1.60.0-py3-none-macosx_11_0_arm64.whl", hash = "sha256:39b5420ba6145045b69ced4c5c47d4d9fe5bddfc8ff816c518913afcb25ec7a5"},
    {file = "playwright-1.60.0-py3-none-macosx_11_0_universal2.whl", hash = "sha256:2581d0e6a3392c71f91b27460c7fd093356818dc430f48153896c8aeeaef7705"},
    {file = "playwright-1.60.0-py3-none-manylinux1_x86_64.whl", hash = "sha256:1c2bfae7884fb3fb05b853290eab8f343d524e5016f2f1def702acbbdf14c93e"},
    {file = "playwright-1.60.0-py3-none-manylinux_2_17_aarch64.manylinux2014_aarch64.whl", hash = "sha256:43e66564125ee31b07a58cefb21e256d62d67d8d1713e6858df7a3019d8ed353"},
    {file = "playwright-1.60.0-py3-none-win32.whl", hash = "sha256:ec94e416ea320711e0ad4bf185dcbf41833672961e90773e1885255d7db7b7e7"},
    {file = "playwright-1.60.0-py3-none-win_amd64.whl", hash = "sha256:9566821ce6030a1f9e7146a24e19355ab0d98805fd0f9be50bb3d8fef1750c02"},
    {file = "playwright-1.60.0-py3-none-win_arm64.whl", hash = "sha256:6e4f6700a4c2250efff8e690a81d66e3855754fb587b6b87cf5c784014f91537"},
]

[package.dependencies]
greenlet = ">=3.1.1,<4.0.0"
pyee = ">=13,<14"

[[package]]
name = "pyee"
version = "13.0.1"
description = "A rough port of Node.js's EventEmitter to Python with a few tricks of its own"
optional = false
python-versions = ">=3.8"
groups = ["main"]
files = [
    {file = "pyee-13.0.1-py3-none-any.whl", hash = "sha256:af2f8fede4171ef667dfded53f96e2ed0d6e6bd7ee3bb46437f77e3b57689228"},
    {file = "pyee-13.0.1.tar.gz", hash = "sha256:0b931f7c14535667ed4c7e0d531716368715e860b988770fc7eb8578d1f67fc8"},
]

[package.dependencies]
typing-extensions = "*"

[package.extras]
dev = ["black", "build", "flake8", "flake8-black", "isort", "jupyter-console", "mkdocs", "mkdocs-include-markdown-plugin", "mkdocstrings[python]", "mypy", "pytest", "pytest-asyncio ; python_version >= \"3.4\"", "pytest-trio ; python_version >= \"3.7\"", "sphinx", "toml", "tox", "trio", "trio ; python_version > \"3.6\"", "trio-typing ; python_version > \"3.6\"", "twine", "twisted", "validate-pyproject[all]"]

[[package]]
name = "python-dotenv"
version = "1.2.2"
description = "Read key-value pairs from a .env file and set them as environment variables"
optional = false
python-versions = ">=3.10"
groups = ["main"]
files = [
    {file = "python_dotenv-1.2.2-py3-none-any.whl", hash = "sha256:1d8214789a24de455a8b8bd8ae6fe3c6b69a5e3d64aa8a8e5d68e694bbcb285a"},
    {file = "python_dotenv-1.2.2.tar.gz", hash = "sha256:2c371a91fbd7ba082c2c1dc1f8bf89ca22564a087c2c287cd9b662adde799cf3"},
]

[package.extras]
cli = ["click (>=5.0)"]

[[package]]
name = "typing-extensions"
version = "4.15.0"
description = "Backported and Experimental Type Hints for Python 3.9+"
optional = false
python-versions = ">=3.9"
groups = ["main"]
files = [
    {file = "typing_extensions-4.15.0-py3-none-any.whl", hash = "sha256:f0fa19c6845758ab08074a0cfa8b7aecb71c999ca73d62883bc25cc018c4e548"},
    {file = "typing_extensions-4.15.0.tar.gz", hash = "sha256:0cea48d173cc12fa28ecabc3b837ea3cf6f38c6d1136f85cbaaf598984861466"},
]

[[package]]
name = "werkzeug"
version = "3.1.8"
description = "The comprehensive WSGI web application library."
optional = false
python-versions = ">=3.9"
groups = ["main"]
files = [
    {file = "werkzeug-3.1.8-py3-none-any.whl", hash = "sha256:63a77fb8892bf28ebc3178683445222aa500e48ebad5ec77b0ad80f8726b1f50"},
    {file = "werkzeug-3.1.8.tar.gz", hash = "sha256:9bad61a4268dac112f1c5cd4630a56ede601b6ed420300677a869083d70a4c44"},
]

[package.dependencies]
markupsafe = ">=2.1.1"

[package.extras]
watchdog = ["watchdog (>=2.3)"]

[metadata]
lock-version = "2.1"
python-versions = ">=3.14"
content-hash = "68dbfbf53fa6f498448580e074f9c5d27b527a270b0df5129bd4068c5537d532"
